
Microsoft Visual Studio Solution File, Format Version 12.00
# Visual Studio Version 17
VisualStudioVersion = 17.2.32616.157
MinimumVisualStudioVersion = 10.0.40219.1
Project("{FAE04EC0-301F-11D3-BF4B-00C04F79EFBC}") = "Pokemon.Modelos", "Pokemon.Modelos\Pokemon.Modelos.csproj", "{DDAC03AC-6D45-46E4-B6E7-75184AF397C6}"
EndProject
Project("{FAE04EC0-301F-11D3-BF4B-00C04F79EFBC}") = "Pokemon.Datos", "Pokemon.Datos\Pokemon.Datos.csproj", "{A7C2F486-8CDC-4C26-81A1-AA275E4929AE}"
EndProject
Global
	GlobalSection(SolutionConfigurationPlatforms) = preSolution
		Debug|Any CPU = Debug|Any CPU
		Release|Any CPU = Release|Any CPU
	EndGlobalSection
	GlobalSection(ProjectConfigurationPlatforms) = postSolution
		{DDAC03AC-6D45-46E4-B6E7-75184AF397C6}.Debug|Any CPU.ActiveCfg = Debug|Any CPU
		{DDAC03AC-6D45-46E4-B6E7-75184AF397C6}.Debug|Any CPU.Build.0 = Debug|Any CPU
		{DDAC03AC-6D45-46E4-B6E7-75184AF397C6}.Release|Any CPU.ActiveCfg = Release|Any CPU
		{DDAC03AC-6D45-46E4-B6E7-75184AF397C6}.Release|Any CPU.Build.0 = Release|Any CPU
		{A7C2F486-8CDC-4C26-81A1-AA275E4929AE}.Debug|Any CPU.ActiveCfg = Debug|Any CPU
		{A7C2F486-8CDC-4C26-81A1-AA275E4929AE}.Debug|Any CPU.Build.0 = Debug|Any CPU
		{A7C2F486-8CDC-4C26-81A1-AA275E4929AE}.Release|Any CPU.ActiveCfg = Release|Any CPU
		{A7C2F486-8CDC-4C26-81A1-AA275E4929AE}.Release|Any CPU.Build.0 = Release|Any CPU
	EndGlobalSection
	GlobalSection(SolutionProperties) = preSolution
		HideSolutionNode = FALSE
	EndGlobalSection
	GlobalSection(ExtensibilityGlobals) = postSolution
		SolutionGuid = {AC7749B2-B76F-47F2-8195-6899B3FCDF68}
	EndGlobalSection
EndGlobal
